
Microsoft Visual Studio Solution File, Format Version 10.00
# Visual Studio 2008
Project("{F184B08F-C81C-45F6-A57F-5ABD9991F28F}") = "BillingSystem", "BillingSystem\BillingSystem.vbproj", "{918B0A1B-95F7-4548-AD0E-997BBC38AF26}"
EndProject
Project("{54435603-DBB4-11D2-8724-00A0C9A8B90C}") = "BillingSystem(Setup)", "BillingSystem(Setup)\BillingSystem(Setup).vdproj", "{819FCD12-8A57-480B-AEC1-A1EB54EB04C5}"
EndProject
Global
	GlobalSection(SolutionConfigurationPlatforms) = preSolution
		Debug|Any CPU = Debug|Any CPU
		Release|Any CPU = Release|Any CPU
	EndGlobalSection
	GlobalSection(ProjectConfigurationPlatforms) = postSolution
		{918B0A1B-95F7-4548-AD0E-997BBC38AF26}.Debug|Any CPU.ActiveCfg = Debug|Any CPU
		{918B0A1B-95F7-4548-AD0E-997BBC38AF26}.Debug|Any CPU.Build.0 = Debug|Any CPU
		{918B0A1B-95F7-4548-AD0E-997BBC38AF26}.Release|Any CPU.ActiveCfg = Release|Any CPU
		{918B0A1B-95F7-4548-AD0E-997BBC38AF26}.Release|Any CPU.Build.0 = Release|Any CPU
		{819FCD12-8A57-480B-AEC1-A1EB54EB04C5}.Debug|Any CPU.ActiveCfg = Debug
		{819FCD12-8A57-480B-AEC1-A1EB54EB04C5}.Release|Any CPU.ActiveCfg = Release
	EndGlobalSection
	GlobalSection(SolutionProperties) = preSolution
		HideSolutionNode = FALSE
	EndGlobalSection
EndGlobal
